
Microsoft Visual Studio Solution File, Format Version 12.00
# Visual Studio Version 17
VisualStudioVersion = 17.5.33502.453
MinimumVisualStudioVersion = 10.0.40219.1
Project("{FAE04EC0-301F-11D3-BF4B-00C04F79EFBC}") = "ShareLaneTests", "ShareLaneTests\ShareLaneTests.csproj", "{3668DAAA-8A42-4317-992F-5CA394173FAD}"
EndProject
Global
	GlobalSection(SolutionConfigurationPlatforms) = preSolution
		Debug|Any CPU = Debug|Any CPU
		Release|Any CPU = Release|Any CPU
	EndGlobalSection
	GlobalSection(ProjectConfigurationPlatforms) = postSolution
		{3668DAAA-8A42-4317-992F-5CA394173FAD}.Debug|Any CPU.ActiveCfg = Debug|Any CPU
		{3668DAAA-8A42-4317-992F-5CA394173FAD}.Debug|Any CPU.Build.0 = Debug|Any CPU
		{3668DAAA-8A42-4317-992F-5CA394173FAD}.Release|Any CPU.ActiveCfg = Release|Any CPU
		{3668DAAA-8A42-4317-992F-5CA394173FAD}.Release|Any CPU.Build.0 = Release|Any CPU
	EndGlobalSection
	GlobalSection(SolutionProperties) = preSolution
		HideSolutionNode = FALSE
	EndGlobalSection
	GlobalSection(ExtensibilityGlobals) = postSolution
		SolutionGuid = {B7739AE3-F039-4D6C-B80F-DDF404A60BB6}
	EndGlobalSection
EndGlobal
